{
  "name": "demo_app",
  "version": "1.0.0",
  "lockfileVersion": 2,
  "requires": true,
  "packages": {
    "": {
      "name": "demo_app",
      "version": "1.0.0",
      "license": "EUPL-1.2",
      "dependencies": {
        "oca-data-transformer": "^0.2.0"
      },
      "devDependencies": {
        "@types/node": "^18.7.16"
      }
    },
    "node_modules/@types/node": {
      "version": "18.7.16",
      "resolved": "https://registry.npmjs.org/@types/node/-/node-18.7.16.tgz",
      "integrity": "sha512-EQHhixfu+mkqHMZl1R2Ovuvn47PUw18azMJOTwSZr9/fhzHNGXAJ0ma0dayRVchprpCj0Kc1K1xKoWaATWF1qg==",
      "dev": true
    },
    "node_modules/oca-data-transformer": {
      "version": "0.2.0",
      "resolved": "https://registry.npmjs.org/oca-data-transformer/-/oca-data-transformer-0.2.0.tgz",
      "integrity": "sha512-t0P01M+c8l5NWQpsDrtTvOno5nopcZOcAP2oufpjbHpUgBlnvjNqnjGc3+4caPY2Mk9VIXCArh0+zrZZXKQRMg=="
    }
  },
  "dependencies": {
    "@types/node": {
      "version": "18.7.16",
      "resolved": "https://registry.npmjs.org/@types/node/-/node-18.7.16.tgz",
      "integrity": "sha512-EQHhixfu+mkqHMZl1R2Ovuvn47PUw18azMJOTwSZr9/fhzHNGXAJ0ma0dayRVchprpCj0Kc1K1xKoWaATWF1qg==",
      "dev": true
    },
    "oca-data-transformer": {
      "version": "0.2.0",
      "resolved": "https://registry.npmjs.org/oca-data-transformer/-/oca-data-transformer-0.2.0.tgz",
      "integrity": "sha512-t0P01M+c8l5NWQpsDrtTvOno5nopcZOcAP2oufpjbHpUgBlnvjNqnjGc3+4caPY2Mk9VIXCArh0+zrZZXKQRMg=="
    }
  }
}
